
Microsoft Visual Studio Solution File, Format Version 12.00
# Visual Studio 15
VisualStudioVersion = 15.0.28010.2046
MinimumVisualStudioVersion = 10.0.40219.1
Project("{9A19103F-16F7-4668-BE54-9A1E7A4F7556}") = "PRSapp.Model", "PRSapp.Model\PRSapp.Model.csproj", "{68D4B250-B5D2-4E65-BE2D-B900ECD35E7D}"
EndProject
Project("{9A19103F-16F7-4668-BE54-9A1E7A4F7556}") = "PRSapp.Migrations.Startup", "PRSapp.Migrations.Startup\PRSapp.Migrations.Startup.csproj", "{1FEE147E-B1AB-41E5-A8E6-03C75D640281}"
EndProject
Project("{FAE04EC0-301F-11D3-BF4B-00C04F79EFBC}") = "PRSapp.UWP", "PRSapp.UWP\PRSapp.UWP.csproj", "{652EF22E-D274-4888-9450-70B940F79851}"
EndProject
Project("{2150E333-8FDC-42A3-9474-1A3956D46DE8}") = "Solution Items", "Solution Items", "{55DDE61A-17DD-4A10-A081-A91CBEE677E8}"
	ProjectSection(SolutionItems) = preProject
		BloggingContext_Ref.txt = BloggingContext_Ref.txt
		PRSapp.Model\EF_CL_Model_Notes.txt = PRSapp.Model\EF_CL_Model_Notes.txt
		Git_InfoAndCaveats.txt = Git_InfoAndCaveats.txt
		PMC_Cmdlets.txt = PMC_Cmdlets.txt
		Ref_Versions.txt = Ref_Versions.txt
		SubmissionsTODO.txt = SubmissionsTODO.txt
	EndProjectSection
EndProject
Project("{FAE04EC0-301F-11D3-BF4B-00C04F79EFBC}") = "Console_CSharp", "..\..\AppSQL_Lists\Console_CSharp\Console_CSharp.csproj", "{31CD495F-FE32-4F2F-A622-9DC4DAC71DFC}"
EndProject
Project("{FAE04EC0-301F-11D3-BF4B-00C04F79EFBC}") = "PRSapp", "..\..\DecOn_PRSapp_Cust_Proj\PRSapp\PRSapp\PRSapp.csproj", "{E26FE9BD-2537-4A75-9AD0-F1589DFBE41F}"
EndProject
Global
	GlobalSection(SolutionConfigurationPlatforms) = preSolution
		Console_CSharp_Only|Any CPU = Console_CSharp_Only|Any CPU
		Console_CSharp_Only|ARM = Console_CSharp_Only|ARM
		Console_CSharp_Only|x64 = Console_CSharp_Only|x64
		Console_CSharp_Only|x86 = Console_CSharp_Only|x86
		Debug|Any CPU = Debug|Any CPU
		Debug|ARM = Debug|ARM
		Debug|x64 = Debug|x64
		Debug|x86 = Debug|x86
		Release|Any CPU = Release|Any CPU
		Release|ARM = Release|ARM
		Release|x64 = Release|x64
		Release|x86 = Release|x86
	EndGlobalSection
	GlobalSection(ProjectConfigurationPlatforms) = postSolution
		{68D4B250-B5D2-4E65-BE2D-B900ECD35E7D}.Console_CSharp_Only|Any CPU.ActiveCfg = Console_CSharp_Only|Any CPU
		{68D4B250-B5D2-4E65-BE2D-B900ECD35E7D}.Console_CSharp_Only|ARM.ActiveCfg = Console_CSharp_Only|Any CPU
		{68D4B250-B5D2-4E65-BE2D-B900ECD35E7D}.Console_CSharp_Only|ARM.Build.0 = Console_CSharp_Only|Any CPU
		{68D4B250-B5D2-4E65-BE2D-B900ECD35E7D}.Console_CSharp_Only|x64.ActiveCfg = Console_CSharp_Only|Any CPU
		{68D4B250-B5D2-4E65-BE2D-B900ECD35E7D}.Console_CSharp_Only|x64.Build.0 = Console_CSharp_Only|Any CPU
		{68D4B250-B5D2-4E65-BE2D-B900ECD35E7D}.Console_CSharp_Only|x86.ActiveCfg = Console_CSharp_Only|Any CPU
		{68D4B250-B5D2-4E65-BE2D-B900ECD35E7D}.Console_CSharp_Only|x86.Build.0 = Console_CSharp_Only|Any CPU
		{68D4B250-B5D2-4E65-BE2D-B900ECD35E7D}.Debug|Any CPU.ActiveCfg = Debug|Any CPU
		{68D4B250-B5D2-4E65-BE2D-B900ECD35E7D}.Debug|Any CPU.Build.0 = Debug|Any CPU
		{68D4B250-B5D2-4E65-BE2D-B900ECD35E7D}.Debug|ARM.ActiveCfg = Debug|Any CPU
		{68D4B250-B5D2-4E65-BE2D-B900ECD35E7D}.Debug|ARM.Build.0 = Debug|Any CPU
		{68D4B250-B5D2-4E65-BE2D-B900ECD35E7D}.Debug|x64.ActiveCfg = Debug|Any CPU
		{68D4B250-B5D2-4E65-BE2D-B900ECD35E7D}.Debug|x64.Build.0 = Debug|Any CPU
		{68D4B250-B5D2-4E65-BE2D-B900ECD35E7D}.Debug|x86.ActiveCfg = Debug|Any CPU
		{68D4B250-B5D2-4E65-BE2D-B900ECD35E7D}.Debug|x86.Build.0 = Debug|Any CPU
		{68D4B250-B5D2-4E65-BE2D-B900ECD35E7D}.Release|Any CPU.ActiveCfg = Release|Any CPU
		{68D4B250-B5D2-4E65-BE2D-B900ECD35E7D}.Release|Any CPU.Build.0 = Release|Any CPU
		{68D4B250-B5D2-4E65-BE2D-B900ECD35E7D}.Release|ARM.ActiveCfg = Release|Any CPU
		{68D4B250-B5D2-4E65-BE2D-B900ECD35E7D}.Release|ARM.Build.0 = Release|Any CPU
		{68D4B250-B5D2-4E65-BE2D-B900ECD35E7D}.Release|x64.ActiveCfg = Release|Any CPU
		{68D4B250-B5D2-4E65-BE2D-B900ECD35E7D}.Release|x64.Build.0 = Release|Any CPU
		{68D4B250-B5D2-4E65-BE2D-B900ECD35E7D}.Release|x86.ActiveCfg = Release|Any CPU
		{68D4B250-B5D2-4E65-BE2D-B900ECD35E7D}.Release|x86.Build.0 = Release|Any CPU
		{1FEE147E-B1AB-41E5-A8E6-03C75D640281}.Console_CSharp_Only|Any CPU.ActiveCfg = Console_CSharp_Only|Any CPU
		{1FEE147E-B1AB-41E5-A8E6-03C75D640281}.Console_CSharp_Only|ARM.ActiveCfg = Console_CSharp_Only|Any CPU
		{1FEE147E-B1AB-41E5-A8E6-03C75D640281}.Console_CSharp_Only|ARM.Build.0 = Console_CSharp_Only|Any CPU
		{1FEE147E-B1AB-41E5-A8E6-03C75D640281}.Console_CSharp_Only|x64.ActiveCfg = Console_CSharp_Only|Any CPU
		{1FEE147E-B1AB-41E5-A8E6-03C75D640281}.Console_CSharp_Only|x64.Build.0 = Console_CSharp_Only|Any CPU
		{1FEE147E-B1AB-41E5-A8E6-03C75D640281}.Console_CSharp_Only|x86.ActiveCfg = Console_CSharp_Only|Any CPU
		{1FEE147E-B1AB-41E5-A8E6-03C75D640281}.Console_CSharp_Only|x86.Build.0 = Console_CSharp_Only|Any CPU
		{1FEE147E-B1AB-41E5-A8E6-03C75D640281}.Debug|Any CPU.ActiveCfg = Debug|Any CPU
		{1FEE147E-B1AB-41E5-A8E6-03C75D640281}.Debug|Any CPU.Build.0 = Debug|Any CPU
		{1FEE147E-B1AB-41E5-A8E6-03C75D640281}.Debug|ARM.ActiveCfg = Debug|Any CPU
		{1FEE147E-B1AB-41E5-A8E6-03C75D640281}.Debug|ARM.Build.0 = Debug|Any CPU
		{1FEE147E-B1AB-41E5-A8E6-03C75D640281}.Debug|x64.ActiveCfg = Debug|Any CPU
		{1FEE147E-B1AB-41E5-A8E6-03C75D640281}.Debug|x64.Build.0 = Debug|Any CPU
		{1FEE147E-B1AB-41E5-A8E6-03C75D640281}.Debug|x86.ActiveCfg = Debug|Any CPU
		{1FEE147E-B1AB-41E5-A8E6-03C75D640281}.Debug|x86.Build.0 = Debug|Any CPU
		{1FEE147E-B1AB-41E5-A8E6-03C75D640281}.Release|Any CPU.ActiveCfg = Release|Any CPU
		{1FEE147E-B1AB-41E5-A8E6-03C75D640281}.Release|Any CPU.Build.0 = Release|Any CPU
		{1FEE147E-B1AB-41E5-A8E6-03C75D640281}.Release|ARM.ActiveCfg = Release|Any CPU
		{1FEE147E-B1AB-41E5-A8E6-03C75D640281}.Release|ARM.Build.0 = Release|Any CPU
		{1FEE147E-B1AB-41E5-A8E6-03C75D640281}.Release|x64.ActiveCfg = Release|Any CPU
		{1FEE147E-B1AB-41E5-A8E6-03C75D640281}.Release|x64.Build.0 = Release|Any CPU
		{1FEE147E-B1AB-41E5-A8E6-03C75D640281}.Release|x86.ActiveCfg = Release|Any CPU
		{1FEE147E-B1AB-41E5-A8E6-03C75D640281}.Release|x86.Build.0 = Release|Any CPU
		{652EF22E-D274-4888-9450-70B940F79851}.Console_CSharp_Only|Any CPU.ActiveCfg = Console_CSharp_Only|x86
		{652EF22E-D274-4888-9450-70B940F79851}.Console_CSharp_Only|ARM.ActiveCfg = Console_CSharp_Only|ARM
		{652EF22E-D274-4888-9450-70B940F79851}.Console_CSharp_Only|ARM.Build.0 = Console_CSharp_Only|ARM
		{652EF22E-D274-4888-9450-70B940F79851}.Console_CSharp_Only|ARM.Deploy.0 = Console_CSharp_Only|ARM
		{652EF22E-D274-4888-9450-70B940F79851}.Console_CSharp_Only|x64.ActiveCfg = Console_CSharp_Only|x64
		{652EF22E-D274-4888-9450-70B940F79851}.Console_CSharp_Only|x64.Build.0 = Console_CSharp_Only|x64
		{652EF22E-D274-4888-9450-70B940F79851}.Console_CSharp_Only|x64.Deploy.0 = Console_CSharp_Only|x64
		{652EF22E-D274-4888-9450-70B940F79851}.Console_CSharp_Only|x86.ActiveCfg = Console_CSharp_Only|x86
		{652EF22E-D274-4888-9450-70B940F79851}.Console_CSharp_Only|x86.Build.0 = Console_CSharp_Only|x86
		{652EF22E-D274-4888-9450-70B940F79851}.Console_CSharp_Only|x86.Deploy.0 = Console_CSharp_Only|x86
		{652EF22E-D274-4888-9450-70B940F79851}.Debug|Any CPU.ActiveCfg = Debug|x86
		{652EF22E-D274-4888-9450-70B940F79851}.Debug|Any CPU.Build.0 = Debug|x86
		{652EF22E-D274-4888-9450-70B940F79851}.Debug|Any CPU.Deploy.0 = Debug|x86
		{652EF22E-D274-4888-9450-70B940F79851}.Debug|ARM.ActiveCfg = Debug|ARM
		{652EF22E-D274-4888-9450-70B940F79851}.Debug|ARM.Build.0 = Debug|ARM
		{652EF22E-D274-4888-9450-70B940F79851}.Debug|ARM.Deploy.0 = Debug|ARM
		{652EF22E-D274-4888-9450-70B940F79851}.Debug|x64.ActiveCfg = Debug|x64
		{652EF22E-D274-4888-9450-70B940F79851}.Debug|x64.Build.0 = Debug|x64
		{652EF22E-D274-4888-9450-70B940F79851}.Debug|x64.Deploy.0 = Debug|x64
		{652EF22E-D274-4888-9450-70B940F79851}.Debug|x86.ActiveCfg = Debug|x86
		{652EF22E-D274-4888-9450-70B940F79851}.Debug|x86.Build.0 = Debug|x86
		{652EF22E-D274-4888-9450-70B940F79851}.Debug|x86.Deploy.0 = Debug|x86
		{652EF22E-D274-4888-9450-70B940F79851}.Release|Any CPU.ActiveCfg = Release|x86
		{652EF22E-D274-4888-9450-70B940F79851}.Release|ARM.ActiveCfg = Release|ARM
		{652EF22E-D274-4888-9450-70B940F79851}.Release|ARM.Build.0 = Release|ARM
		{652EF22E-D274-4888-9450-70B940F79851}.Release|ARM.Deploy.0 = Release|ARM
		{652EF22E-D274-4888-9450-70B940F79851}.Release|x64.ActiveCfg = Release|x64
		{652EF22E-D274-4888-9450-70B940F79851}.Release|x64.Build.0 = Release|x64
		{652EF22E-D274-4888-9450-70B940F79851}.Release|x64.Deploy.0 = Release|x64
		{652EF22E-D274-4888-9450-70B940F79851}.Release|x86.ActiveCfg = Release|x86
		{652EF22E-D274-4888-9450-70B940F79851}.Release|x86.Build.0 = Release|x86
		{652EF22E-D274-4888-9450-70B940F79851}.Release|x86.Deploy.0 = Release|x86
		{31CD495F-FE32-4F2F-A622-9DC4DAC71DFC}.Console_CSharp_Only|Any CPU.ActiveCfg = Console_CSharp_Only|Any CPU
		{31CD495F-FE32-4F2F-A622-9DC4DAC71DFC}.Console_CSharp_Only|Any CPU.Build.0 = Console_CSharp_Only|Any CPU
		{31CD495F-FE32-4F2F-A622-9DC4DAC71DFC}.Console_CSharp_Only|ARM.ActiveCfg = Console_CSharp_Only|Any CPU
		{31CD495F-FE32-4F2F-A622-9DC4DAC71DFC}.Console_CSharp_Only|ARM.Build.0 = Console_CSharp_Only|Any CPU
		{31CD495F-FE32-4F2F-A622-9DC4DAC71DFC}.Console_CSharp_Only|x64.ActiveCfg = Console_CSharp_Only|Any CPU
		{31CD495F-FE32-4F2F-A622-9DC4DAC71DFC}.Console_CSharp_Only|x64.Build.0 = Console_CSharp_Only|Any CPU
		{31CD495F-FE32-4F2F-A622-9DC4DAC71DFC}.Console_CSharp_Only|x86.ActiveCfg = Console_CSharp_Only|Any CPU
		{31CD495F-FE32-4F2F-A622-9DC4DAC71DFC}.Console_CSharp_Only|x86.Build.0 = Console_CSharp_Only|Any CPU
		{31CD495F-FE32-4F2F-A622-9DC4DAC71DFC}.Debug|Any CPU.ActiveCfg = Debug|Any CPU
		{31CD495F-FE32-4F2F-A622-9DC4DAC71DFC}.Debug|Any CPU.Build.0 = Debug|Any CPU
		{31CD495F-FE32-4F2F-A622-9DC4DAC71DFC}.Debug|ARM.ActiveCfg = Debug|Any CPU
		{31CD495F-FE32-4F2F-A622-9DC4DAC71DFC}.Debug|ARM.Build.0 = Debug|Any CPU
		{31CD495F-FE32-4F2F-A622-9DC4DAC71DFC}.Debug|x64.ActiveCfg = Debug|Any CPU
		{31CD495F-FE32-4F2F-A622-9DC4DAC71DFC}.Debug|x64.Build.0 = Debug|Any CPU
		{31CD495F-FE32-4F2F-A622-9DC4DAC71DFC}.Debug|x86.ActiveCfg = Debug|Any CPU
		{31CD495F-FE32-4F2F-A622-9DC4DAC71DFC}.Debug|x86.Build.0 = Debug|Any CPU
		{31CD495F-FE32-4F2F-A622-9DC4DAC71DFC}.Release|Any CPU.ActiveCfg = Release|Any CPU
		{31CD495F-FE32-4F2F-A622-9DC4DAC71DFC}.Release|Any CPU.Build.0 = Release|Any CPU
		{31CD495F-FE32-4F2F-A622-9DC4DAC71DFC}.Release|ARM.ActiveCfg = Release|Any CPU
		{31CD495F-FE32-4F2F-A622-9DC4DAC71DFC}.Release|ARM.Build.0 = Release|Any CPU
		{31CD495F-FE32-4F2F-A622-9DC4DAC71DFC}.Release|x64.ActiveCfg = Release|Any CPU
		{31CD495F-FE32-4F2F-A622-9DC4DAC71DFC}.Release|x64.Build.0 = Release|Any CPU
		{31CD495F-FE32-4F2F-A622-9DC4DAC71DFC}.Release|x86.ActiveCfg = Release|Any CPU
		{31CD495F-FE32-4F2F-A622-9DC4DAC71DFC}.Release|x86.Build.0 = Release|Any CPU
		{E26FE9BD-2537-4A75-9AD0-F1589DFBE41F}.Console_CSharp_Only|Any CPU.ActiveCfg = Release|x64
		{E26FE9BD-2537-4A75-9AD0-F1589DFBE41F}.Console_CSharp_Only|Any CPU.Build.0 = Release|x64
		{E26FE9BD-2537-4A75-9AD0-F1589DFBE41F}.Console_CSharp_Only|Any CPU.Deploy.0 = Release|x64
		{E26FE9BD-2537-4A75-9AD0-F1589DFBE41F}.Console_CSharp_Only|ARM.ActiveCfg = Release|ARM
		{E26FE9BD-2537-4A75-9AD0-F1589DFBE41F}.Console_CSharp_Only|ARM.Build.0 = Release|ARM
		{E26FE9BD-2537-4A75-9AD0-F1589DFBE41F}.Console_CSharp_Only|ARM.Deploy.0 = Release|ARM
		{E26FE9BD-2537-4A75-9AD0-F1589DFBE41F}.Console_CSharp_Only|x64.ActiveCfg = Release|x64
		{E26FE9BD-2537-4A75-9AD0-F1589DFBE41F}.Console_CSharp_Only|x64.Build.0 = Release|x64
		{E26FE9BD-2537-4A75-9AD0-F1589DFBE41F}.Console_CSharp_Only|x64.Deploy.0 = Release|x64
		{E26FE9BD-2537-4A75-9AD0-F1589DFBE41F}.Console_CSharp_Only|x86.ActiveCfg = Release|x86
		{E26FE9BD-2537-4A75-9AD0-F1589DFBE41F}.Console_CSharp_Only|x86.Build.0 = Release|x86
		{E26FE9BD-2537-4A75-9AD0-F1589DFBE41F}.Console_CSharp_Only|x86.Deploy.0 = Release|x86
		{E26FE9BD-2537-4A75-9AD0-F1589DFBE41F}.Debug|Any CPU.ActiveCfg = Debug|x86
		{E26FE9BD-2537-4A75-9AD0-F1589DFBE41F}.Debug|ARM.ActiveCfg = Debug|ARM
		{E26FE9BD-2537-4A75-9AD0-F1589DFBE41F}.Debug|ARM.Build.0 = Debug|ARM
		{E26FE9BD-2537-4A75-9AD0-F1589DFBE41F}.Debug|ARM.Deploy.0 = Debug|ARM
		{E26FE9BD-2537-4A75-9AD0-F1589DFBE41F}.Debug|x64.ActiveCfg = Debug|x64
		{E26FE9BD-2537-4A75-9AD0-F1589DFBE41F}.Debug|x64.Build.0 = Debug|x64
		{E26FE9BD-2537-4A75-9AD0-F1589DFBE41F}.Debug|x64.Deploy.0 = Debug|x64
		{E26FE9BD-2537-4A75-9AD0-F1589DFBE41F}.Debug|x86.ActiveCfg = Debug|x86
		{E26FE9BD-2537-4A75-9AD0-F1589DFBE41F}.Debug|x86.Build.0 = Debug|x86
		{E26FE9BD-2537-4A75-9AD0-F1589DFBE41F}.Debug|x86.Deploy.0 = Debug|x86
		{E26FE9BD-2537-4A75-9AD0-F1589DFBE41F}.Release|Any CPU.ActiveCfg = Release|x86
		{E26FE9BD-2537-4A75-9AD0-F1589DFBE41F}.Release|ARM.ActiveCfg = Release|ARM
		{E26FE9BD-2537-4A75-9AD0-F1589DFBE41F}.Release|ARM.Build.0 = Release|ARM
		{E26FE9BD-2537-4A75-9AD0-F1589DFBE41F}.Release|ARM.Deploy.0 = Release|ARM
		{E26FE9BD-2537-4A75-9AD0-F1589DFBE41F}.Release|x64.ActiveCfg = Release|x64
		{E26FE9BD-2537-4A75-9AD0-F1589DFBE41F}.Release|x64.Build.0 = Release|x64
		{E26FE9BD-2537-4A75-9AD0-F1589DFBE41F}.Release|x64.Deploy.0 = Release|x64
		{E26FE9BD-2537-4A75-9AD0-F1589DFBE41F}.Release|x86.ActiveCfg = Release|x86
		{E26FE9BD-2537-4A75-9AD0-F1589DFBE41F}.Release|x86.Build.0 = Release|x86
		{E26FE9BD-2537-4A75-9AD0-F1589DFBE41F}.Release|x86.Deploy.0 = Release|x86
	EndGlobalSection
	GlobalSection(SolutionProperties) = preSolution
		HideSolutionNode = FALSE
	EndGlobalSection
	GlobalSection(ExtensibilityGlobals) = postSolution
		SolutionGuid = {D3B436BA-9B83-47F2-B05A-2A83761F1E2B}
	EndGlobalSection
EndGlobal
